Microsoft Visual Studio Solution File, Format Version 12.00
# Visual Studio 14
VisualStudioVersion = 14.0.25420.1
MinimumVisualStudioVersion = 10.0.40219.1
Project("{FAE04EC0-301F-11D3-BF4B-00C04F79EFBC}") = "E430_MVC", "E430_MVC\E430_MVC.csproj", "{EE011809-DDE1-4220-B639-AE8A326614FC}"
EndProject
Global
	GlobalSection(SolutionConfigurationPlatforms) = preSolution
		Debug|Any CPU = Debug|Any CPU
		Release|Any CPU = Release|Any CPU
	EndGlobalSection
	GlobalSection(ProjectConfigurationPlatforms) = postSolution
		{EE011809-DDE1-4220-B639-AE8A326614FC}.Debug|Any CPU.ActiveCfg = Debug|Any CPU
		{EE011809-DDE1-4220-B639-AE8A326614FC}.Debug|Any CPU.Build.0 = Debug|Any CPU
		{EE011809-DDE1-4220-B639-AE8A326614FC}.Release|Any CPU.ActiveCfg = Release|Any CPU
		{EE011809-DDE1-4220-B639-AE8A326614FC}.Release|Any CPU.Build.0 = Release|Any CPU
	EndGlobalSection
	GlobalSection(SolutionProperties) = preSolution
		HideSolutionNode = FALSE
	EndGlobalSection
EndGlobal
